
Microsoft Visual Studio Solution File, Format Version 12.00
# Visual Studio Version 17
VisualStudioVersion = 17.9.34902.65
MinimumVisualStudioVersion = 10.0.40219.1
Project("{FAE04EC0-301F-11D3-BF4B-00C04F79EFBC}") = "Pnut", "Pnut\Pnut.csproj", "{D07E4E0D-549F-4020-9353-683FAC735725}"
EndProject
Project("{00D1A9C2-B5F0-4AF3-8072-F6C62B433612}") = "PnutData", "PnutData\PnutData.sqlproj", "{76B50327-91D0-4852-BF88-6BE0BEA20A44}"
EndProject
Global
	GlobalSection(SolutionConfigurationPlatforms) = preSolution
		Debug|Any CPU = Debug|Any CPU
		Release|Any CPU = Release|Any CPU
	EndGlobalSection
	GlobalSection(ProjectConfigurationPlatforms) = postSolution
		{D07E4E0D-549F-4020-9353-683FAC735725}.Debug|Any CPU.ActiveCfg = Debug|Any CPU
		{D07E4E0D-549F-4020-9353-683FAC735725}.Debug|Any CPU.Build.0 = Debug|Any CPU
		{D07E4E0D-549F-4020-9353-683FAC735725}.Release|Any CPU.ActiveCfg = Release|Any CPU
		{D07E4E0D-549F-4020-9353-683FAC735725}.Release|Any CPU.Build.0 = Release|Any CPU
		{76B50327-91D0-4852-BF88-6BE0BEA20A44}.Debug|Any CPU.ActiveCfg = Debug|Any CPU
		{76B50327-91D0-4852-BF88-6BE0BEA20A44}.Debug|Any CPU.Build.0 = Debug|Any CPU
		{76B50327-91D0-4852-BF88-6BE0BEA20A44}.Debug|Any CPU.Deploy.0 = Debug|Any CPU
		{76B50327-91D0-4852-BF88-6BE0BEA20A44}.Release|Any CPU.ActiveCfg = Release|Any CPU
		{76B50327-91D0-4852-BF88-6BE0BEA20A44}.Release|Any CPU.Build.0 = Release|Any CPU
		{76B50327-91D0-4852-BF88-6BE0BEA20A44}.Release|Any CPU.Deploy.0 = Release|Any CPU
	EndGlobalSection
	GlobalSection(SolutionProperties) = preSolution
		HideSolutionNode = FALSE
	EndGlobalSection
	GlobalSection(ExtensibilityGlobals) = postSolution
		SolutionGuid = {D2B1C745-7CED-418B-914B-380C8E803587}
	EndGlobalSection
EndGlobal
