
Microsoft Visual Studio Solution File, Format Version 12.00
# Visual Studio Version 17
VisualStudioVersion = 17.6.33815.320
MinimumVisualStudioVersion = 10.0.40219.1
Project("{9A19103F-16F7-4668-BE54-9A1E7A4F7556}") = "APinI", "APinI\APinI.csproj", "{9A526315-30E6-48E7-950A-CCE4FDB6E5A2}"
EndProject
Project("{00D1A9C2-B5F0-4AF3-8072-F6C62B433612}") = "PinData", "..\..\PinData\PinData\PinData.sqlproj", "{DBCC3331-D89B-4EE2-BCEE-0AD3ECC1C3BC}"
EndProject
Global
	GlobalSection(SolutionConfigurationPlatforms) = preSolution
		Debug|Any CPU = Debug|Any CPU
		Release|Any CPU = Release|Any CPU
	EndGlobalSection
	GlobalSection(ProjectConfigurationPlatforms) = postSolution
		{9A526315-30E6-48E7-950A-CCE4FDB6E5A2}.Debug|Any CPU.ActiveCfg = Debug|Any CPU
		{9A526315-30E6-48E7-950A-CCE4FDB6E5A2}.Debug|Any CPU.Build.0 = Debug|Any CPU
		{9A526315-30E6-48E7-950A-CCE4FDB6E5A2}.Release|Any CPU.ActiveCfg = Release|Any CPU
		{9A526315-30E6-48E7-950A-CCE4FDB6E5A2}.Release|Any CPU.Build.0 = Release|Any CPU
		{DBCC3331-D89B-4EE2-BCEE-0AD3ECC1C3BC}.Debug|Any CPU.ActiveCfg = Debug|Any CPU
		{DBCC3331-D89B-4EE2-BCEE-0AD3ECC1C3BC}.Debug|Any CPU.Build.0 = Debug|Any CPU
		{DBCC3331-D89B-4EE2-BCEE-0AD3ECC1C3BC}.Debug|Any CPU.Deploy.0 = Debug|Any CPU
		{DBCC3331-D89B-4EE2-BCEE-0AD3ECC1C3BC}.Release|Any CPU.ActiveCfg = Release|Any CPU
		{DBCC3331-D89B-4EE2-BCEE-0AD3ECC1C3BC}.Release|Any CPU.Build.0 = Release|Any CPU
		{DBCC3331-D89B-4EE2-BCEE-0AD3ECC1C3BC}.Release|Any CPU.Deploy.0 = Release|Any CPU
	EndGlobalSection
	GlobalSection(SolutionProperties) = preSolution
		HideSolutionNode = FALSE
	EndGlobalSection
	GlobalSection(ExtensibilityGlobals) = postSolution
		SolutionGuid = {D9BE2CBC-DBB1-43F8-821B-DB78FFD80647}
	EndGlobalSection
EndGlobal
